// !$*UTF8*$!
{
	archiveVersion = 1;
	classes = {
	};
	objectVersion = 56;
	objects = {

/* Begin PBXBuildFile section */
		150D13812A7018CE00E6DDC0 /* TOCropImageViewController.swift in Sources */ = {isa = PBXBuildFile; fileRef = 150D13802A7018CE00E6DDC0 /* TOCropImageViewController.swift */; };
		15218B562AD8F22A009CAEF6 /* UserOptionsView.swift in Sources */ = {isa = PBXBuildFile; fileRef = 15218B552AD8F22A009CAEF6 /* UserOptionsView.swift */; };
		15218B582ADA2940009CAEF6 /* TabBarView.swift in Sources */ = {isa = PBXBuildFile; fileRef = 15218B572ADA2940009CAEF6 /* TabBarView.swift */; };
		152A87102AAA8D2E00A11822 /* WebKit.framework in Frameworks */ = {isa = PBXBuildFile; fileRef = 152A870F2AAA8D2E00A11822 /* WebKit.framework */; };
		153389332B0FFCC0009A9A4F /* GoogleAd.swift in Sources */ = {isa = PBXBuildFile; fileRef = 153389322B0FFCC0009A9A4F /* GoogleAd.swift */; };
		153389352B10074E009A9A4F /* ButtonViews.swift in Sources */ = {isa = PBXBuildFile; fileRef = 153389342B10074E009A9A4F /* ButtonViews.swift */; };
		1539542B2B139358007C184F /* GoogleMobileAds in Frameworks */ = {isa = PBXBuildFile; productRef = 1539542A2B139358007C184F /* GoogleMobileAds */; };
		1539542E2B139372007C184F /* SwiftMessages in Frameworks */ = {isa = PBXBuildFile; productRef = 1539542D2B139372007C184F /* SwiftMessages */; };
		153954332B13938A007C184F /* CropViewController in Frameworks */ = {isa = PBXBuildFile; productRef = 153954322B13938A007C184F /* CropViewController */; };
		153954352B13938A007C184F /* TOCropViewController in Frameworks */ = {isa = PBXBuildFile; productRef = 153954342B13938A007C184F /* TOCropViewController */; };
		153954382B1393DF007C184F /* Alamofire in Frameworks */ = {isa = PBXBuildFile; productRef = 153954372B1393DF007C184F /* Alamofire */; };
		153CF0CF2A74FDBD00E7E896 /* RecipeAppSharedData.swift in Sources */ = {isa = PBXBuildFile; fileRef = 153CF0CE2A74FDBD00E7E896 /* RecipeAppSharedData.swift */; };
		153CF0DC2A75AAA100E7E896 /* ShareView.swift in Sources */ = {isa = PBXBuildFile; fileRef = 153CF0DB2A75AAA100E7E896 /* ShareView.swift */; };
		157C0B282B0ACD1A000E9F7E /* ChatViewModel.swift in Sources */ = {isa = PBXBuildFile; fileRef = 157C0B272B0ACD1A000E9F7E /* ChatViewModel.swift */; };
		157C0B2A2B0ACE34000E9F7E /* OpenAIService.swift in Sources */ = {isa = PBXBuildFile; fileRef = 157C0B292B0ACE34000E9F7E /* OpenAIService.swift */; };
		157C0B2C2B0AD46E000E9F7E /* RecipeAssistantView.swift in Sources */ = {isa = PBXBuildFile; fileRef = 157C0B2B2B0AD46E000E9F7E /* RecipeAssistantView.swift */; };
		157C0B312B0C283A000E9F7E /* GoogleService-Info.plist in Resources */ = {isa = PBXBuildFile; fileRef = 157C0B302B0C283A000E9F7E /* GoogleService-Info.plist */; };
		15A4A40B2A65CC7B005A6F7C /* ImagePicker+ImageButtonView.swift in Sources */ = {isa = PBXBuildFile; fileRef = 15A4A40A2A65CC7B005A6F7C /* ImagePicker+ImageButtonView.swift */; };
		15A4A4102A660951005A6F7C /* SearchBarView.swift in Sources */ = {isa = PBXBuildFile; fileRef = 15A4A40F2A660951005A6F7C /* SearchBarView.swift */; };
		15A794F92B081ABC00566EAB /* Env.swift in Sources */ = {isa = PBXBuildFile; fileRef = 15A794F82B081ABC00566EAB /* Env.swift */; };
		15B156DD2A9A831600FBFC80 /* GoogleImageSearchView.swift in Sources */ = {isa = PBXBuildFile; fileRef = 15B156DC2A9A831600FBFC80 /* GoogleImageSearchView.swift */; };
		15D376B42A69DCFA0043D94F /* WKWebView.swift in Sources */ = {isa = PBXBuildFile; fileRef = 15D376B32A69DCFA0043D94F /* WKWebView.swift */; };
		15D376B62A69DD2B0043D94F /* ActivityIndicatorView.swift in Sources */ = {isa = PBXBuildFile; fileRef = 15D376B52A69DD2B0043D94F /* ActivityIndicatorView.swift */; };
		15E2ACD12A131C590085CDC8 /* RecipeRealmApp.swift in Sources */ = {isa = PBXBuildFile; fileRef = 15E2ACD02A131C590085CDC8 /* RecipeRealmApp.swift */; };
		15E2ACD32A131C590085CDC8 /* ContentView.swift in Sources */ = {isa = PBXBuildFile; fileRef = 15E2ACD22A131C590085CDC8 /* ContentView.swift */; };
		15E2ACD52A131C5A0085CDC8 /* Assets.xcassets in Resources */ = {isa = PBXBuildFile; fileRef = 15E2ACD42A131C5A0085CDC8 /* Assets.xcassets */; };
		15E2ACD82A131C5A0085CDC8 /* Preview Assets.xcassets in Resources */ = {isa = PBXBuildFile; fileRef = 15E2ACD72A131C5A0085CDC8 /* Preview Assets.xcassets */; };
		15E2ACDA2A131C5A0085CDC8 /* Persistence.swift in Sources */ = {isa = PBXBuildFile; fileRef = 15E2ACD92A131C5A0085CDC8 /* Persistence.swift */; };
		15E2ACE42A131CEA0085CDC8 /* NewRecipeView.swift in Sources */ = {isa = PBXBuildFile; fileRef = 15E2ACE32A131CEA0085CDC8 /* NewRecipeView.swift */; };
		15E2ACE62A131D070085CDC8 /* RecipeHomeView.swift in Sources */ = {isa = PBXBuildFile; fileRef = 15E2ACE52A131D070085CDC8 /* RecipeHomeView.swift */; };
		15E2ACE82A131D6C0085CDC8 /* RecipeDetailView.swift in Sources */ = {isa = PBXBuildFile; fileRef = 15E2ACE72A131D6C0085CDC8 /* RecipeDetailView.swift */; };
		15E554DB2AC38DD400E7F417 /* RecipeRealm.xcdatamodeld in Sources */ = {isa = PBXBuildFile; fileRef = 151524802A7080DA005E6CD6 /* RecipeRealm.xcdatamodeld */; };
		15E554E12AC3AE8400E7F417 /* ContextMenuView.swift in Sources */ = {isa = PBXBuildFile; fileRef = 15E554E02AC3AE8400E7F417 /* ContextMenuView.swift */; };
		15E554E32AC3B1EE00E7F417 /* ColorPicker.swift in Sources */ = {isa = PBXBuildFile; fileRef = 15E554E22AC3B1EE00E7F417 /* ColorPicker.swift */; };
		15E554E72AC3BA4E00E7F417 /* RecipeGridCellView.swift in Sources */ = {isa = PBXBuildFile; fileRef = 15E554E62AC3BA4E00E7F417 /* RecipeGridCellView.swift */; };
		15EC1D342AC51BAC0076CBFE /* RecipeListRowView.swift in Sources */ = {isa = PBXBuildFile; fileRef = 15EC1D332AC51BAC0076CBFE /* RecipeListRowView.swift */; };
		15EC1D362AC553DF0076CBFE /* ImportRecipe.swift in Sources */ = {isa = PBXBuildFile; fileRef = 15EC1D352AC553DF0076CBFE /* ImportRecipe.swift */; };
		15EC1D382AC558410076CBFE /* ManageRecipe.swift in Sources */ = {isa = PBXBuildFile; fileRef = 15EC1D372AC558410076CBFE /* ManageRecipe.swift */; };
		15EC1D3A2AC55B520076CBFE /* AddRecipe.swift in Sources */ = {isa = PBXBuildFile; fileRef = 15EC1D392AC55B520076CBFE /* AddRecipe.swift */; };
		15EC1D862AC77B920076CBFE /* FolderView.swift in Sources */ = {isa = PBXBuildFile; fileRef = 15EC1D852AC77B920076CBFE /* FolderView.swift */; };
		15EC1D892AC79ED60076CBFE /* RecipeList+FolderView.swift in Sources */ = {isa = PBXBuildFile; fileRef = 15EC1D882AC79ED60076CBFE /* RecipeList+FolderView.swift */; };
		15EC1D8B2AC7A66B0076CBFE /* RecipeGrid+FolderView.swift in Sources */ = {isa = PBXBuildFile; fileRef = 15EC1D8A2AC7A66B0076CBFE /* RecipeGrid+FolderView.swift */; };
		15EC1D902AC8C2090076CBFE /* FolderDropDelegate.swift in Sources */ = {isa = PBXBuildFile; fileRef = 15EC1D8F2AC8C2090076CBFE /* FolderDropDelegate.swift */; };
/* End PBXBuildFile section */

/* Begin PBXFileReference section */
		150D13802A7018CE00E6DDC0 /* TOCropImageViewController.swift */ = {isa = PBXFileReference; lastKnownFileType = sourcecode.swift; path = TOCropImageViewController.swift; sourceTree = "<group>"; };
		151524812A7080DA005E6CD6 /* RecipeRealm.xcdatamodel */ = {isa = PBXFileReference; lastKnownFileType = wrapper.xcdatamodel; path = RecipeRealm.xcdatamodel; sourceTree = "<group>"; };
		15218B552AD8F22A009CAEF6 /* UserOptionsView.swift */ = {isa = PBXFileReference; lastKnownFileType = sourcecode.swift; path = UserOptionsView.swift; sourceTree = "<group>"; };
		15218B572ADA2940009CAEF6 /* TabBarView.swift */ = {isa = PBXFileReference; lastKnownFileType = sourcecode.swift; path = TabBarView.swift; sourceTree = "<group>"; };
		152A870F2AAA8D2E00A11822 /* WebKit.framework */ = {isa = PBXFileReference; lastKnownFileType = wrapper.framework; name = WebKit.framework; path = System/Library/Frameworks/WebKit.framework; sourceTree = SDKROOT; };
		153389322B0FFCC0009A9A4F /* GoogleAd.swift */ = {isa = PBXFileReference; lastKnownFileType = sourcecode.swift; path = GoogleAd.swift; sourceTree = "<group>"; };
		153389342B10074E009A9A4F /* ButtonViews.swift */ = {isa = PBXFileReference; lastKnownFileType = sourcecode.swift; path = ButtonViews.swift; sourceTree = "<group>"; };
		153CF0CE2A74FDBD00E7E896 /* RecipeAppSharedData.swift */ = {isa = PBXFileReference; lastKnownFileType = sourcecode.swift; path = RecipeAppSharedData.swift; sourceTree = "<group>"; };
		153CF0DB2A75AAA100E7E896 /* ShareView.swift */ = {isa = PBXFileReference; lastKnownFileType = sourcecode.swift; path = ShareView.swift; sourceTree = "<group>"; };
		157C0B272B0ACD1A000E9F7E /* ChatViewModel.swift */ = {isa = PBXFileReference; lastKnownFileType = sourcecode.swift; path = ChatViewModel.swift; sourceTree = "<group>"; };
		157C0B292B0ACE34000E9F7E /* OpenAIService.swift */ = {isa = PBXFileReference; lastKnownFileType = sourcecode.swift; path = OpenAIService.swift; sourceTree = "<group>"; };
		157C0B2B2B0AD46E000E9F7E /* RecipeAssistantView.swift */ = {isa = PBXFileReference; lastKnownFileType = sourcecode.swift; path = RecipeAssistantView.swift; sourceTree = "<group>"; };
		157C0B302B0C283A000E9F7E /* GoogleService-Info.plist */ = {isa = PBXFileReference; fileEncoding = 4; lastKnownFileType = text.plist.xml; path = "GoogleService-Info.plist"; sourceTree = "<group>"; };
		15A4A40A2A65CC7B005A6F7C /* ImagePicker+ImageButtonView.swift */ = {isa = PBXFileReference; lastKnownFileType = sourcecode.swift; path = "ImagePicker+ImageButtonView.swift"; sourceTree = "<group>"; };
		15A4A40F2A660951005A6F7C /* SearchBarView.swift */ = {isa = PBXFileReference; lastKnownFileType = sourcecode.swift; path = SearchBarView.swift; sourceTree = "<group>"; };
		15A794F82B081ABC00566EAB /* Env.swift */ = {isa = PBXFileReference; lastKnownFileType = sourcecode.swift; path = Env.swift; sourceTree = "<group>"; };
		15B156DC2A9A831600FBFC80 /* GoogleImageSearchView.swift */ = {isa = PBXFileReference; lastKnownFileType = sourcecode.swift; path = GoogleImageSearchView.swift; sourceTree = "<group>"; };
		15D376B32A69DCFA0043D94F /* WKWebView.swift */ = {isa = PBXFileReference; lastKnownFileType = sourcecode.swift; path = WKWebView.swift; sourceTree = "<group>"; };
		15D376B52A69DD2B0043D94F /* ActivityIndicatorView.swift */ = {isa = PBXFileReference; lastKnownFileType = sourcecode.swift; path = ActivityIndicatorView.swift; sourceTree = "<group>"; };
		15E2ACCD2A131C590085CDC8 /* RecipeRealm.app */ = {isa = PBXFileReference; explicitFileType = wrapper.application; includeInIndex = 0; path = RecipeRealm.app; sourceTree = BUILT_PRODUCTS_DIR; };
		15E2ACD02A131C590085CDC8 /* RecipeRealmApp.swift */ = {isa = PBXFileReference; lastKnownFileType = sourcecode.swift; path = RecipeRealmApp.swift; sourceTree = "<group>"; };
		15E2ACD22A131C590085CDC8 /* ContentView.swift */ = {isa = PBXFileReference; lastKnownFileType = sourcecode.swift; path = ContentView.swift; sourceTree = "<group>"; };
		15E2ACD42A131C5A0085CDC8 /* Assets.xcassets */ = {isa = PBXFileReference; lastKnownFileType = folder.assetcatalog; path = Assets.xcassets; sourceTree = "<group>"; };
		15E2ACD72A131C5A0085CDC8 /* Preview Assets.xcassets */ = {isa = PBXFileReference; lastKnownFileType = folder.assetcatalog; path = "Preview Assets.xcassets"; sourceTree = "<group>"; };
		15E2ACD92A131C5A0085CDC8 /* Persistence.swift */ = {isa = PBXFileReference; lastKnownFileType = sourcecode.swift; path = Persistence.swift; sourceTree = "<group>"; };
		15E2ACE32A131CEA0085CDC8 /* NewRecipeView.swift */ = {isa = PBXFileReference; lastKnownFileType = sourcecode.swift; path = NewRecipeView.swift; sourceTree = "<group>"; };
		15E2ACE52A131D070085CDC8 /* RecipeHomeView.swift */ = {isa = PBXFileReference; lastKnownFileType = sourcecode.swift; path = RecipeHomeView.swift; sourceTree = "<group>"; };
		15E2ACE72A131D6C0085CDC8 /* RecipeDetailView.swift */ = {isa = PBXFileReference; lastKnownFileType = sourcecode.swift; path = RecipeDetailView.swift; sourceTree = "<group>"; };
		15E554E02AC3AE8400E7F417 /* ContextMenuView.swift */ = {isa = PBXFileReference; lastKnownFileType = sourcecode.swift; path = ContextMenuView.swift; sourceTree = "<group>"; };
		15E554E22AC3B1EE00E7F417 /* ColorPicker.swift */ = {isa = PBXFileReference; lastKnownFileType = sourcecode.swift; path = ColorPicker.swift; sourceTree = "<group>"; };
		15E554E62AC3BA4E00E7F417 /* RecipeGridCellView.swift */ = {isa = PBXFileReference; lastKnownFileType = sourcecode.swift; path = RecipeGridCellView.swift; sourceTree = "<group>"; };
		15EC1D332AC51BAC0076CBFE /* RecipeListRowView.swift */ = {isa = PBXFileReference; lastKnownFileType = sourcecode.swift; path = RecipeListRowView.swift; sourceTree = "<group>"; };
		15EC1D352AC553DF0076CBFE /* ImportRecipe.swift */ = {isa = PBXFileReference; lastKnownFileType = sourcecode.swift; path = ImportRecipe.swift; sourceTree = "<group>"; };
		15EC1D372AC558410076CBFE /* ManageRecipe.swift */ = {isa = PBXFileReference; lastKnownFileType = sourcecode.swift; path = ManageRecipe.swift; sourceTree = "<group>"; };
		15EC1D392AC55B520076CBFE /* AddRecipe.swift */ = {isa = PBXFileReference; lastKnownFileType = sourcecode.swift; path = AddRecipe.swift; sourceTree = "<group>"; };
		15EC1D852AC77B920076CBFE /* FolderView.swift */ = {isa = PBXFileReference; lastKnownFileType = sourcecode.swift; path = FolderView.swift; sourceTree = "<group>"; };
		15EC1D882AC79ED60076CBFE /* RecipeList+FolderView.swift */ = {isa = PBXFileReference; lastKnownFileType = sourcecode.swift; path = "RecipeList+FolderView.swift"; sourceTree = "<group>"; };
		15EC1D8A2AC7A66B0076CBFE /* RecipeGrid+FolderView.swift */ = {isa = PBXFileReference; lastKnownFileType = sourcecode.swift; path = "RecipeGrid+FolderView.swift"; sourceTree = "<group>"; };
		15EC1D8F2AC8C2090076CBFE /* FolderDropDelegate.swift */ = {isa = PBXFileReference; lastKnownFileType = sourcecode.swift; path = FolderDropDelegate.swift; sourceTree = "<group>"; };
/* End PBXFileReference section */

/* Begin PBXFrameworksBuildPhase section */
		15E2ACCA2A131C590085CDC8 /* Frameworks */ = {
			isa = PBXFrameworksBuildPhase;
			buildActionMask = 2147483647;
			files = (
				153954382B1393DF007C184F /* Alamofire in Frameworks */,
				1539542B2B139358007C184F /* GoogleMobileAds in Frameworks */,
				1539542E2B139372007C184F /* SwiftMessages in Frameworks */,
				153954332B13938A007C184F /* CropViewController in Frameworks */,
				153954352B13938A007C184F /* TOCropViewController in Frameworks */,
				152A87102AAA8D2E00A11822 /* WebKit.framework in Frameworks */,
			);
			runOnlyForDeploymentPostprocessing = 0;
		};
/* End PBXFrameworksBuildPhase section */

/* Begin PBXGroup section */
		1539543C2B139967007C184F /* Recipe */ = {
			isa = PBXGroup;
			children = (
				15E2ACE72A131D6C0085CDC8 /* RecipeDetailView.swift */,
				15EC1D852AC77B920076CBFE /* FolderView.swift */,
			);
			path = Recipe;
			sourceTree = "<group>";
		};
		157C0B2E2B0C0AFD000E9F7E /* Components */ = {
			isa = PBXGroup;
			children = (
				15E554E22AC3B1EE00E7F417 /* ColorPicker.swift */,
				15E554E02AC3AE8400E7F417 /* ContextMenuView.swift */,
				15B156DC2A9A831600FBFC80 /* GoogleImageSearchView.swift */,
				15A4A40A2A65CC7B005A6F7C /* ImagePicker+ImageButtonView.swift */,
				153389342B10074E009A9A4F /* ButtonViews.swift */,
			);
			path = Components;
			sourceTree = "<group>";
		};
		157C0B2F2B0C0C8D000E9F7E /* Tabs */ = {
			isa = PBXGroup;
			children = (
				15E2ACE52A131D070085CDC8 /* RecipeHomeView.swift */,
				15E2ACE32A131CEA0085CDC8 /* NewRecipeView.swift */,
				15218B552AD8F22A009CAEF6 /* UserOptionsView.swift */,
				15218B572ADA2940009CAEF6 /* TabBarView.swift */,
			);
			path = Tabs;
			sourceTree = "<group>";
		};
		15A4A40C2A65DB11005A6F7C /* UIViews */ = {
			isa = PBXGroup;
			children = (
				15D376B52A69DD2B0043D94F /* ActivityIndicatorView.swift */,
				15D376B32A69DCFA0043D94F /* WKWebView.swift */,
				15A4A40F2A660951005A6F7C /* SearchBarView.swift */,
				150D13802A7018CE00E6DDC0 /* TOCropImageViewController.swift */,
				153CF0DB2A75AAA100E7E896 /* ShareView.swift */,
				15EC1D8F2AC8C2090076CBFE /* FolderDropDelegate.swift */,
			);
			path = UIViews;
			sourceTree = "<group>";
		};
		15A794FA2B081B3D00566EAB /* RecipeChat */ = {
			isa = PBXGroup;
			children = (
				157C0B272B0ACD1A000E9F7E /* ChatViewModel.swift */,
				157C0B292B0ACE34000E9F7E /* OpenAIService.swift */,
				157C0B2B2B0AD46E000E9F7E /* RecipeAssistantView.swift */,
			);
			path = RecipeChat;
			sourceTree = "<group>";
		};
		15B156D92A9A63B900FBFC80 /* App */ = {
			isa = PBXGroup;
			children = (
				15E2ACD02A131C590085CDC8 /* RecipeRealmApp.swift */,
				15E2ACD92A131C5A0085CDC8 /* Persistence.swift */,
				153CF0CE2A74FDBD00E7E896 /* RecipeAppSharedData.swift */,
				15A794F82B081ABC00566EAB /* Env.swift */,
				153389322B0FFCC0009A9A4F /* GoogleAd.swift */,
			);
			path = App;
			sourceTree = "<group>";
		};
		15B156DA2A9A63C700FBFC80 /* Views */ = {
			isa = PBXGroup;
			children = (
				1539543C2B139967007C184F /* Recipe */,
				157C0B2F2B0C0C8D000E9F7E /* Tabs */,
				15A794FA2B081B3D00566EAB /* RecipeChat */,
				15EC1D8C2AC7A67E0076CBFE /* RecipeGridGroup */,
				15EC1D872AC79EA40076CBFE /* RecipeListGroup */,
			);
			path = Views;
			sourceTree = "<group>";
		};
		15B156DB2A9A63D000FBFC80 /* RootView */ = {
			isa = PBXGroup;
			children = (
				15E2ACD22A131C590085CDC8 /* ContentView.swift */,
			);
			path = RootView;
			sourceTree = "<group>";
		};
		15E2ACC42A131C590085CDC8 = {
			isa = PBXGroup;
			children = (
				15E2ACCF2A131C590085CDC8 /* RecipeRealm */,
				15E2ACCE2A131C590085CDC8 /* Products */,
				DE3A0D6F662E8FA5074F8815 /* Frameworks */,
			);
			sourceTree = "<group>";
		};
		15E2ACCE2A131C590085CDC8 /* Products */ = {
			isa = PBXGroup;
			children = (
				15E2ACCD2A131C590085CDC8 /* RecipeRealm.app */,
			);
			name = Products;
			sourceTree = "<group>";
		};
		15E2ACCF2A131C590085CDC8 /* RecipeRealm */ = {
			isa = PBXGroup;
			children = (
				15B156D92A9A63B900FBFC80 /* App */,
				15B156DB2A9A63D000FBFC80 /* RootView */,
				15B156DA2A9A63C700FBFC80 /* Views */,
				157C0B2E2B0C0AFD000E9F7E /* Components */,
				15A4A40C2A65DB11005A6F7C /* UIViews */,
				15EC1D3B2AC55CD10076CBFE /* Extensions */,
				15E2ACD42A131C5A0085CDC8 /* Assets.xcassets */,
				157C0B302B0C283A000E9F7E /* GoogleService-Info.plist */,
				151524802A7080DA005E6CD6 /* RecipeRealm.xcdatamodeld */,
				15E2ACD62A131C5A0085CDC8 /* Preview Content */,
			);
			path = RecipeRealm;
			sourceTree = "<group>";
		};
		15E2ACD62A131C5A0085CDC8 /* Preview Content */ = {
			isa = PBXGroup;
			children = (
				15E2ACD72A131C5A0085CDC8 /* Preview Assets.xcassets */,
			);
			path = "Preview Content";
			sourceTree = "<group>";
		};
		15EC1D3B2AC55CD10076CBFE /* Extensions */ = {
			isa = PBXGroup;
			children = (
				15EC1D392AC55B520076CBFE /* AddRecipe.swift */,
				15EC1D372AC558410076CBFE /* ManageRecipe.swift */,
				15EC1D352AC553DF0076CBFE /* ImportRecipe.swift */,
			);
			path = Extensions;
			sourceTree = "<group>";
		};
		15EC1D872AC79EA40076CBFE /* RecipeListGroup */ = {
			isa = PBXGroup;
			children = (
				15EC1D332AC51BAC0076CBFE /* RecipeListRowView.swift */,
				15EC1D882AC79ED60076CBFE /* RecipeList+FolderView.swift */,
			);
			path = RecipeListGroup;
			sourceTree = "<group>";
		};
		15EC1D8C2AC7A67E0076CBFE /* RecipeGridGroup */ = {
			isa = PBXGroup;
			children = (
				15E554E62AC3BA4E00E7F417 /* RecipeGridCellView.swift */,
				15EC1D8A2AC7A66B0076CBFE /* RecipeGrid+FolderView.swift */,
			);
			path = RecipeGridGroup;
			sourceTree = "<group>";
		};
		DE3A0D6F662E8FA5074F8815 /* Frameworks */ = {
			isa = PBXGroup;
			children = (
				152A870F2AAA8D2E00A11822 /* WebKit.framework */,
			);
			name = Frameworks;
			sourceTree = "<group>";
		};
/* End PBXGroup section */

/* Begin PBXNativeTarget section */
		15E2ACCC2A131C590085CDC8 /* RecipeRealm */ = {
			isa = PBXNativeTarget;
			buildConfigurationList = 15E2ACE02A131C5A0085CDC8 /* Build configuration list for PBXNativeTarget "RecipeRealm" */;
			buildPhases = (
				15E2ACC92A131C590085CDC8 /* Sources */,
				15E2ACCA2A131C590085CDC8 /* Frameworks */,
				15E2ACCB2A131C590085CDC8 /* Resources */,
			);
			buildRules = (
			);
			dependencies = (
			);
			name = RecipeRealm;
			packageProductDependencies = (
				1539542A2B139358007C184F /* GoogleMobileAds */,
				1539542D2B139372007C184F /* SwiftMessages */,
				153954322B13938A007C184F /* CropViewController */,
				153954342B13938A007C184F /* TOCropViewController */,
				153954372B1393DF007C184F /* Alamofire */,
			);
			productName = RecipeRealm;
			productReference = 15E2ACCD2A131C590085CDC8 /* RecipeRealm.app */;
			productType = "com.apple.product-type.application";
		};
/* End PBXNativeTarget section */

/* Begin PBXProject section */
		15E2ACC52A131C590085CDC8 /* Project object */ = {
			isa = PBXProject;
			attributes = {
				BuildIndependentTargetsInParallel = 1;
				LastSwiftUpdateCheck = 1430;
				LastUpgradeCheck = 1430;
				TargetAttributes = {
					15E2ACCC2A131C590085CDC8 = {
						CreatedOnToolsVersion = 14.3;
					};
				};
			};
			buildConfigurationList = 15E2ACC82A131C590085CDC8 /* Build configuration list for PBXProject "RecipeRealm" */;
			compatibilityVersion = "Xcode 14.0";
			developmentRegion = en;
			hasScannedForEncodings = 0;
			knownRegions = (
				en,
				Base,
			);
			mainGroup = 15E2ACC42A131C590085CDC8;
			packageReferences = (
				153954292B139358007C184F /* XCRemoteSwiftPackageReference "swift-package-manager-google-mobile-ads" */,
				1539542C2B139372007C184F /* XCRemoteSwiftPackageReference "SwiftMessages" */,
				153954312B139389007C184F /* XCRemoteSwiftPackageReference "TOCropViewController" */,
				153954362B1393DF007C184F /* XCRemoteSwiftPackageReference "Alamofire" */,
			);
			productRefGroup = 15E2ACCE2A131C590085CDC8 /* Products */;
			projectDirPath = "";
			projectRoot = "";
			targets = (
				15E2ACCC2A131C590085CDC8 /* RecipeRealm */,
			);
		};
/* End PBXProject section */

/* Begin PBXResourcesBuildPhase section */
		15E2ACCB2A131C590085CDC8 /* Resources */ = {
			isa = PBXResourcesBuildPhase;
			buildActionMask = 2147483647;
			files = (
				15E2ACD82A131C5A0085CDC8 /* Preview Assets.xcassets in Resources */,
				15E2ACD52A131C5A0085CDC8 /* Assets.xcassets in Resources */,
				157C0B312B0C283A000E9F7E /* GoogleService-Info.plist in Resources */,
			);
			runOnlyForDeploymentPostprocessing = 0;
		};
/* End PBXResourcesBuildPhase section */

/* Begin PBXSourcesBuildPhase section */
		15E2ACC92A131C590085CDC8 /* Sources */ = {
			isa = PBXSourcesBuildPhase;
			buildActionMask = 2147483647;
			files = (
				153CF0DC2A75AAA100E7E896 /* ShareView.swift in Sources */,
				15EC1D382AC558410076CBFE /* ManageRecipe.swift in Sources */,
				15218B582ADA2940009CAEF6 /* TabBarView.swift in Sources */,
				15EC1D862AC77B920076CBFE /* FolderView.swift in Sources */,
				15EC1D892AC79ED60076CBFE /* RecipeList+FolderView.swift in Sources */,
				15E2ACE82A131D6C0085CDC8 /* RecipeDetailView.swift in Sources */,
				15218B562AD8F22A009CAEF6 /* UserOptionsView.swift in Sources */,
				15EC1D342AC51BAC0076CBFE /* RecipeListRowView.swift in Sources */,
				15E2ACE62A131D070085CDC8 /* RecipeHomeView.swift in Sources */,
				15B156DD2A9A831600FBFC80 /* GoogleImageSearchView.swift in Sources */,
				15E2ACDA2A131C5A0085CDC8 /* Persistence.swift in Sources */,
				15D376B62A69DD2B0043D94F /* ActivityIndicatorView.swift in Sources */,
				15D376B42A69DCFA0043D94F /* WKWebView.swift in Sources */,
				150D13812A7018CE00E6DDC0 /* TOCropImageViewController.swift in Sources */,
				15EC1D362AC553DF0076CBFE /* ImportRecipe.swift in Sources */,
				157C0B2C2B0AD46E000E9F7E /* RecipeAssistantView.swift in Sources */,
				15EC1D3A2AC55B520076CBFE /* AddRecipe.swift in Sources */,
				15E2ACE42A131CEA0085CDC8 /* NewRecipeView.swift in Sources */,
				15A4A40B2A65CC7B005A6F7C /* ImagePicker+ImageButtonView.swift in Sources */,
				15E554E12AC3AE8400E7F417 /* ContextMenuView.swift in Sources */,
				153389332B0FFCC0009A9A4F /* GoogleAd.swift in Sources */,
				15A794F92B081ABC00566EAB /* Env.swift in Sources */,
				153389352B10074E009A9A4F /* ButtonViews.swift in Sources */,
				15EC1D902AC8C2090076CBFE /* FolderDropDelegate.swift in Sources */,
				15A4A4102A660951005A6F7C /* SearchBarView.swift in Sources */,
				157C0B2A2B0ACE34000E9F7E /* OpenAIService.swift in Sources */,
				153CF0CF2A74FDBD00E7E896 /* RecipeAppSharedData.swift in Sources */,
				15E554E32AC3B1EE00E7F417 /* ColorPicker.swift in Sources */,
				15EC1D8B2AC7A66B0076CBFE /* RecipeGrid+FolderView.swift in Sources */,
				157C0B282B0ACD1A000E9F7E /* ChatViewModel.swift in Sources */,
				15E554E72AC3BA4E00E7F417 /* RecipeGridCellView.swift in Sources */,
				15E2ACD32A131C590085CDC8 /* ContentView.swift in Sources */,
				15E2ACD12A131C590085CDC8 /* RecipeRealmApp.swift in Sources */,
				15E554DB2AC38DD400E7F417 /* RecipeRealm.xcdatamodeld in Sources */,
			);
			runOnlyForDeploymentPostprocessing = 0;
		};
/* End PBXSourcesBuildPhase section */

/* Begin XCBuildConfiguration section */
		15E2ACDE2A131C5A0085CDC8 /* Debug */ = {
			isa = XCBuildConfiguration;
			buildSettings = {
				ALWAYS_SEARCH_USER_PATHS = NO;
				CLANG_ANALYZER_NONNULL = YES;
				CLANG_ANALYZER_NUMBER_OBJECT_CONVERSION = YES_AGGRESSIVE;
				CLANG_CXX_LANGUAGE_STANDARD = "gnu++20";
				CLANG_ENABLE_MODULES = YES;
				CLANG_ENABLE_OBJC_ARC = YES;
				CLANG_ENABLE_OBJC_WEAK = YES;
				CLANG_WARN_BLOCK_CAPTURE_AUTORELEASING = YES;
				CLANG_WARN_BOOL_CONVERSION = YES;
				CLANG_WARN_COMMA = YES;
				CLANG_WARN_CONSTANT_CONVERSION = YES;
				CLANG_WARN_DEPRECATED_OBJC_IMPLEMENTATIONS = YES;
				CLANG_WARN_DIRECT_OBJC_ISA_USAGE = YES_ERROR;
				CLANG_WARN_DOCUMENTATION_COMMENTS = YES;
				CLANG_WARN_EMPTY_BODY = YES;
				CLANG_WARN_ENUM_CONVERSION = YES;
				CLANG_WARN_INFINITE_RECURSION = YES;
				CLANG_WARN_INT_CONVERSION = YES;
				CLANG_WARN_NON_LITERAL_NULL_CONVERSION = YES;
				CLANG_WARN_OBJC_IMPLICIT_RETAIN_SELF = YES;
				CLANG_WARN_OBJC_LITERAL_CONVERSION = YES;
				CLANG_WARN_OBJC_ROOT_CLASS = YES_ERROR;
				CLANG_WARN_QUOTED_INCLUDE_IN_FRAMEWORK_HEADER = YES;
				CLANG_WARN_RANGE_LOOP_ANALYSIS = YES;
				CLANG_WARN_STRICT_PROTOTYPES = YES;
				CLANG_WARN_SUSPICIOUS_MOVE = YES;
				CLANG_WARN_UNGUARDED_AVAILABILITY = YES_AGGRESSIVE;
				CLANG_WARN_UNREACHABLE_CODE = YES;
				CLANG_WARN__DUPLICATE_METHOD_MATCH = YES;
				COPY_PHASE_STRIP = NO;
				DEBUG_INFORMATION_FORMAT = dwarf;
				ENABLE_STRICT_OBJC_MSGSEND = YES;
				ENABLE_TESTABILITY = YES;
				GCC_C_LANGUAGE_STANDARD = gnu11;
				GCC_DYNAMIC_NO_PIC = NO;
				GCC_NO_COMMON_BLOCKS = YES;
				GCC_OPTIMIZATION_LEVEL = 0;
				GCC_PREPROCESSOR_DEFINITIONS = (
					"DEBUG=1",
					"$(inherited)",
				);
				GCC_WARN_64_TO_32_BIT_CONVERSION = YES;
				GCC_WARN_ABOUT_RETURN_TYPE = YES_ERROR;
				GCC_WARN_UNDECLARED_SELECTOR = YES;
				GCC_WARN_UNINITIALIZED_AUTOS = YES_AGGRESSIVE;
				GCC_WARN_UNUSED_FUNCTION = YES;
				GCC_WARN_UNUSED_VARIABLE = YES;
				IPHONEOS_DEPLOYMENT_TARGET = 15.0;
				MTL_ENABLE_DEBUG_INFO = INCLUDE_SOURCE;
				MTL_FAST_MATH = YES;
				ONLY_ACTIVE_ARCH = YES;
				SDKROOT = iphoneos;
				SWIFT_ACTIVE_COMPILATION_CONDITIONS = DEBUG;
				SWIFT_OPTIMIZATION_LEVEL = "-Onone";
			};
			name = Debug;
		};
		15E2ACDF2A131C5A0085CDC8 /* Release */ = {
			isa = XCBuildConfiguration;
			buildSettings = {
				ALWAYS_SEARCH_USER_PATHS = NO;
				CLANG_ANALYZER_NONNULL = YES;
				CLANG_ANALYZER_NUMBER_OBJECT_CONVERSION = YES_AGGRESSIVE;
				CLANG_CXX_LANGUAGE_STANDARD = "gnu++20";
				CLANG_ENABLE_MODULES = YES;
				CLANG_ENABLE_OBJC_ARC = YES;
				CLANG_ENABLE_OBJC_WEAK = YES;
				CLANG_WARN_BLOCK_CAPTURE_AUTORELEASING = YES;
				CLANG_WARN_BOOL_CONVERSION = YES;
				CLANG_WARN_COMMA = YES;
				CLANG_WARN_CONSTANT_CONVERSION = YES;
				CLANG_WARN_DEPRECATED_OBJC_IMPLEMENTATIONS = YES;
				CLANG_WARN_DIRECT_OBJC_ISA_USAGE = YES_ERROR;
				CLANG_WARN_DOCUMENTATION_COMMENTS = YES;
				CLANG_WARN_EMPTY_BODY = YES;
				CLANG_WARN_ENUM_CONVERSION = YES;
				CLANG_WARN_INFINITE_RECURSION = YES;
				CLANG_WARN_INT_CONVERSION = YES;
				CLANG_WARN_NON_LITERAL_NULL_CONVERSION = YES;
				CLANG_WARN_OBJC_IMPLICIT_RETAIN_SELF = YES;
				CLANG_WARN_OBJC_LITERAL_CONVERSION = YES;
				CLANG_WARN_OBJC_ROOT_CLASS = YES_ERROR;
				CLANG_WARN_QUOTED_INCLUDE_IN_FRAMEWORK_HEADER = YES;
				CLANG_WARN_RANGE_LOOP_ANALYSIS = YES;
				CLANG_WARN_STRICT_PROTOTYPES = YES;
				CLANG_WARN_SUSPICIOUS_MOVE = YES;
				CLANG_WARN_UNGUARDED_AVAILABILITY = YES_AGGRESSIVE;
				CLANG_WARN_UNREACHABLE_CODE = YES;
				CLANG_WARN__DUPLICATE_METHOD_MATCH = YES;
				COPY_PHASE_STRIP = NO;
				DEBUG_INFORMATION_FORMAT = "dwarf-with-dsym";
				ENABLE_NS_ASSERTIONS = NO;
				ENABLE_STRICT_OBJC_MSGSEND = YES;
				GCC_C_LANGUAGE_STANDARD = gnu11;
				GCC_NO_COMMON_BLOCKS = YES;
				GCC_WARN_64_TO_32_BIT_CONVERSION = YES;
				GCC_WARN_ABOUT_RETURN_TYPE = YES_ERROR;
				GCC_WARN_UNDECLARED_SELECTOR = YES;
				GCC_WARN_UNINITIALIZED_AUTOS = YES_AGGRESSIVE;
				GCC_WARN_UNUSED_FUNCTION = YES;
				GCC_WARN_UNUSED_VARIABLE = YES;
				IPHONEOS_DEPLOYMENT_TARGET = 15.0;
				MTL_ENABLE_DEBUG_INFO = NO;
				MTL_FAST_MATH = YES;
				SDKROOT = iphoneos;
				SWIFT_COMPILATION_MODE = wholemodule;
				SWIFT_OPTIMIZATION_LEVEL = "-O";
				VALIDATE_PRODUCT = YES;
			};
			name = Release;
		};
		15E2ACE12A131C5A0085CDC8 /* Debug */ = {
			isa = XCBuildConfiguration;
			buildSettings = {
				ASSETCATALOG_COMPILER_APPICON_NAME = AppIcon;
				ASSETCATALOG_COMPILER_GLOBAL_ACCENT_COLOR_NAME = AccentColor;
				CODE_SIGN_STYLE = Automatic;
				CURRENT_PROJECT_VERSION = 16;
				DEVELOPMENT_ASSET_PATHS = "\"RecipeRealm/Preview Content\"";
				DEVELOPMENT_TEAM = RZB7U5UTY4;
				ENABLE_PREVIEWS = YES;
				GENERATE_INFOPLIST_FILE = YES;
				INFOPLIST_FILE = RecipeRealm/Info.plist;
				INFOPLIST_KEY_CFBundleDisplayName = RecipeRealm;
				INFOPLIST_KEY_LSApplicationCategoryType = "public.app-category.food-and-drink";
				INFOPLIST_KEY_NSCameraUsageDescription = "RecipeRealm needs access to the camera to upload and display a image for recipes";
				INFOPLIST_KEY_NSPhotoLibraryUsageDescription = "RecipeRealm needs access to the photo library to upload and display a image for recipes";
				INFOPLIST_KEY_UIApplicationSceneManifest_Generation = YES;
				INFOPLIST_KEY_UILaunchScreen_Generation = YES;
				INFOPLIST_KEY_UISupportedInterfaceOrientations = "UIInterfaceOrientationLandscapeLeft UIInterfaceOrientationLandscapeRight UIInterfaceOrientationPortrait UIInterfaceOrientationPortraitUpsideDown";
				IPHONEOS_DEPLOYMENT_TARGET = 15.0;
				LD_RUNPATH_SEARCH_PATHS = (
					"$(inherited)",
					"@executable_path/Frameworks",
				);
				MARKETING_VERSION = 1.0.1;
				"OTHER_LDFLAGS[arch=*]" = "-ObjC";
				PRODUCT_BUNDLE_IDENTIFIER = com.devzano.RecipeRealm;
				PRODUCT_NAME = "$(TARGET_NAME)";
				SUPPORTED_PLATFORMS = "iphoneos iphonesimulator";
				SUPPORTS_MACCATALYST = NO;
				SUPPORTS_MAC_DESIGNED_FOR_IPHONE_IPAD = NO;
				SWIFT_EMIT_LOC_STRINGS = YES;
				SWIFT_VERSION = 5.0;
				TARGETED_DEVICE_FAMILY = "1,2";
			};
			name = Debug;
		};
		15E2ACE22A131C5A0085CDC8 /* Release */ = {
			isa = XCBuildConfiguration;
			buildSettings = {
				ASSETCATALOG_COMPILER_APPICON_NAME = AppIcon;
				ASSETCATALOG_COMPILER_GLOBAL_ACCENT_COLOR_NAME = AccentColor;
				CODE_SIGN_STYLE = Automatic;
				CURRENT_PROJECT_VERSION = 16;
				DEVELOPMENT_ASSET_PATHS = "\"RecipeRealm/Preview Content\"";
				DEVELOPMENT_TEAM = RZB7U5UTY4;
				ENABLE_PREVIEWS = YES;
				GENERATE_INFOPLIST_FILE = YES;
				INFOPLIST_FILE = RecipeRealm/Info.plist;
				INFOPLIST_KEY_CFBundleDisplayName = RecipeRealm;
				INFOPLIST_KEY_LSApplicationCategoryType = "public.app-category.food-and-drink";
				INFOPLIST_KEY_NSCameraUsageDescription = "RecipeRealm needs access to the camera to upload and display a image for recipes";
				INFOPLIST_KEY_NSPhotoLibraryUsageDescription = "RecipeRealm needs access to the photo library to upload and display a image for recipes";
				INFOPLIST_KEY_UIApplicationSceneManifest_Generation = YES;
				INFOPLIST_KEY_UILaunchScreen_Generation = YES;
				INFOPLIST_KEY_UISupportedInterfaceOrientations = "UIInterfaceOrientationLandscapeLeft UIInterfaceOrientationLandscapeRight UIInterfaceOrientationPortrait UIInterfaceOrientationPortraitUpsideDown";
				IPHONEOS_DEPLOYMENT_TARGET = 15.0;
				LD_RUNPATH_SEARCH_PATHS = (
					"$(inherited)",
					"@executable_path/Frameworks",
				);
				MARKETING_VERSION = 1.0.1;
				"OTHER_LDFLAGS[arch=*]" = "-ObjC";
				PRODUCT_BUNDLE_IDENTIFIER = com.devzano.RecipeRealm;
				PRODUCT_NAME = "$(TARGET_NAME)";
				SUPPORTED_PLATFORMS = "iphoneos iphonesimulator";
				SUPPORTS_MACCATALYST = NO;
				SUPPORTS_MAC_DESIGNED_FOR_IPHONE_IPAD = NO;
				SWIFT_EMIT_LOC_STRINGS = YES;
				SWIFT_VERSION = 5.0;
				TARGETED_DEVICE_FAMILY = "1,2";
			};
			name = Release;
		};
/* End XCBuildConfiguration section */

/* Begin XCConfigurationList section */
		15E2ACC82A131C590085CDC8 /* Build configuration list for PBXProject "RecipeRealm" */ = {
			isa = XCConfigurationList;
			buildConfigurations = (
				15E2ACDE2A131C5A0085CDC8 /* Debug */,
				15E2ACDF2A131C5A0085CDC8 /* Release */,
			);
			defaultConfigurationIsVisible = 0;
			defaultConfigurationName = Release;
		};
		15E2ACE02A131C5A0085CDC8 /* Build configuration list for PBXNativeTarget "RecipeRealm" */ = {
			isa = XCConfigurationList;
			buildConfigurations = (
				15E2ACE12A131C5A0085CDC8 /* Debug */,
				15E2ACE22A131C5A0085CDC8 /* Release */,
			);
			defaultConfigurationIsVisible = 0;
			defaultConfigurationName = Release;
		};
/* End XCConfigurationList section */

/* Begin XCRemoteSwiftPackageReference section */
		153954292B139358007C184F /* XCRemoteSwiftPackageReference "swift-package-manager-google-mobile-ads" */ = {
			isa = XCRemoteSwiftPackageReference;
			repositoryURL = "https://github.com/googleads/swift-package-manager-google-mobile-ads.git";
			requirement = {
				kind = upToNextMajorVersion;
				minimumVersion = 10.13.0;
			};
		};
		1539542C2B139372007C184F /* XCRemoteSwiftPackageReference "SwiftMessages" */ = {
			isa = XCRemoteSwiftPackageReference;
			repositoryURL = "https://github.com/SwiftKickMobile/SwiftMessages";
			requirement = {
				kind = upToNextMajorVersion;
				minimumVersion = 9.0.9;
			};
		};
		153954312B139389007C184F /* XCRemoteSwiftPackageReference "TOCropViewController" */ = {
			isa = XCRemoteSwiftPackageReference;
			repositoryURL = "https://github.com/TimOliver/TOCropViewController.git";
			requirement = {
				kind = upToNextMajorVersion;
				minimumVersion = 2.6.1;
			};
		};
		153954362B1393DF007C184F /* XCRemoteSwiftPackageReference "Alamofire" */ = {
			isa = XCRemoteSwiftPackageReference;
			repositoryURL = "https://github.com/Alamofire/Alamofire.git";
			requirement = {
				kind = upToNextMajorVersion;
				minimumVersion = 5.8.1;
			};
		};
/* End XCRemoteSwiftPackageReference section */

/* Begin XCSwiftPackageProductDependency section */
		1539542A2B139358007C184F /* GoogleMobileAds */ = {
			isa = XCSwiftPackageProductDependency;
			package = 153954292B139358007C184F /* XCRemoteSwiftPackageReference "swift-package-manager-google-mobile-ads" */;
			productName = GoogleMobileAds;
		};
		1539542D2B139372007C184F /* SwiftMessages */ = {
			isa = XCSwiftPackageProductDependency;
			package = 1539542C2B139372007C184F /* XCRemoteSwiftPackageReference "SwiftMessages" */;
			productName = SwiftMessages;
		};
		153954322B13938A007C184F /* CropViewController */ = {
			isa = XCSwiftPackageProductDependency;
			package = 153954312B139389007C184F /* XCRemoteSwiftPackageReference "TOCropViewController" */;
			productName = CropViewController;
		};
		153954342B13938A007C184F /* TOCropViewController */ = {
			isa = XCSwiftPackageProductDependency;
			package = 153954312B139389007C184F /* XCRemoteSwiftPackageReference "TOCropViewController" */;
			productName = TOCropViewController;
		};
		153954372B1393DF007C184F /* Alamofire */ = {
			isa = XCSwiftPackageProductDependency;
			package = 153954362B1393DF007C184F /* XCRemoteSwiftPackageReference "Alamofire" */;
			productName = Alamofire;
		};
/* End XCSwiftPackageProductDependency section */

/* Begin XCVersionGroup section */
		151524802A7080DA005E6CD6 /* RecipeRealm.xcdatamodeld */ = {
			isa = XCVersionGroup;
			children = (
				151524812A7080DA005E6CD6 /* RecipeRealm.xcdatamodel */,
			);
			currentVersion = 151524812A7080DA005E6CD6 /* RecipeRealm.xcdatamodel */;
			path = RecipeRealm.xcdatamodeld;
			sourceTree = "<group>";
			versionGroupType = wrapper.xcdatamodel;
		};
/* End XCVersionGroup section */
	};
	rootObject = 15E2ACC52A131C590085CDC8 /* Project object */;
}
